
Microsoft Visual Studio Solution File, Format Version 12.00
# Visual Studio Version 17
VisualStudioVersion = 17.5.002.0
MinimumVisualStudioVersion = 10.0.40219.1
Project("{9A19103F-16F7-4668-BE54-9A1E7A4F7556}") = "notification_service", "notification_service.csproj", "{B22224D1-D0D1-4DD3-BA28-9B95BE44F2E1}"
EndProject
Global
	GlobalSection(SolutionConfigurationPlatforms) = preSolution
		Debug|Any CPU = Debug|Any CPU
		Release|Any CPU = Release|Any CPU
	EndGlobalSection
	GlobalSection(ProjectConfigurationPlatforms) = postSolution
		{B22224D1-D0D1-4DD3-BA28-9B95BE44F2E1}.Debug|Any CPU.ActiveCfg = Debug|Any CPU
		{B22224D1-D0D1-4DD3-BA28-9B95BE44F2E1}.Debug|Any CPU.Build.0 = Debug|Any CPU
		{B22224D1-D0D1-4DD3-BA28-9B95BE44F2E1}.Release|Any CPU.ActiveCfg = Release|Any CPU
		{B22224D1-D0D1-4DD3-BA28-9B95BE44F2E1}.Release|Any CPU.Build.0 = Release|Any CPU
	EndGlobalSection
	GlobalSection(SolutionProperties) = preSolution
		HideSolutionNode = FALSE
	EndGlobalSection
	GlobalSection(ExtensibilityGlobals) = postSolution
		SolutionGuid = {7AB3DD41-9C36-4BA3-A61A-C00BCB432112}
	EndGlobalSection
EndGlobal
